{
  "name": "hiccup-sdf",
  "version": "0.0.10",
  "lockfileVersion": 1,
  "requires": true,
  "dependencies": {
    "@thi.ng/api": {
      "version": "4.2.3",
      "resolved": "https://registry.npmjs.org/@thi.ng/api/-/api-4.2.3.tgz",
      "integrity": "sha512-futpLOGn7yL4YTruWdwmmfFm3Rq0Vj8qiZv5imjrL2f8SztY7+73mw16fUSo9XKq45MLZnntMjhAcfHI0kHqHA==",
      "requires": {
        "@thi.ng/errors": "^0.1.11"
      }
    },
    "@thi.ng/checks": {
      "version": "1.5.13",
      "resolved": "https://registry.npmjs.org/@thi.ng/checks/-/checks-1.5.13.tgz",
      "integrity": "sha512-RvWQ0gwz8+GC6nifuM1o2bUaWEMfKud3nzBqhMGapks68cuJpmBcLjW1QIubDvR05jLMU+ubgXeypU0+1C7NXA=="
    },
    "@thi.ng/errors": {
      "version": "0.1.11",
      "resolved": "https://registry.npmjs.org/@thi.ng/errors/-/errors-0.1.11.tgz",
      "integrity": "sha512-SFV69GvN1Tuvy8x1zHUPkyWn91KfCEVXIEnZSXgJTGdPabopheQjeOo/Yd4ta83lzhLbtopumu0O9gkZYtkgxw=="
    },
    "@thi.ng/vectors": {
      "version": "0.2.1",
      "resolved": "https://registry.npmjs.org/@thi.ng/vectors/-/vectors-0.2.1.tgz",
      "integrity": "sha512-/KqSXN1CiB/pWKuJ4u8lafiFfVurpYM6mGIvLy8PrLxt4Riy5F5llAEtEGOgbAIBDs1y6ZBfScWh3AcNQwOwNw==",
      "requires": {
        "@thi.ng/api": "^4.1.0",
        "@thi.ng/checks": "^1.5.7"
      }
    },
    "lodash": {
      "version": "4.17.19",
      "resolved": "https://registry.npmjs.org/lodash/-/lodash-4.17.19.tgz",
      "integrity": "sha512-JNvd8XER9GQX0v2qJgsaN/mzFCNA5BRe/j8JN9d+tWyGLSodKQHKFicdwNYzWwI3wjRnaKPsGj1XkBjx/F96DQ=="
    }
  }
}
