{
  "name": "display-sdf",
  "version": "1.0.0",
  "lockfileVersion": 1,
  "requires": true,
  "dependencies": {
    "angle-normals": {
      "version": "1.0.0",
      "resolved": "https://registry.npmjs.org/angle-normals/-/angle-normals-1.0.0.tgz",
      "integrity": "sha1-lYV0mGqj8ClGpFzRCMsqO4kHyaw="
    },
    "bit-twiddle": {
      "version": "1.0.2",
      "resolved": "https://registry.npmjs.org/bit-twiddle/-/bit-twiddle-1.0.2.tgz",
      "integrity": "sha1-DGwfq+KyPRcXPZpht7cJPrnhdp4="
    },
    "cwise-compiler": {
      "version": "1.1.3",
      "resolved": "https://registry.npmjs.org/cwise-compiler/-/cwise-compiler-1.1.3.tgz",
      "integrity": "sha1-9NZnQQ6FDToxOn0tt7HlBbsDTMU=",
      "requires": {
        "uniq": "^1.0.0"
      }
    },
    "dup": {
      "version": "1.0.0",
      "resolved": "https://registry.npmjs.org/dup/-/dup-1.0.0.tgz",
      "integrity": "sha1-UfxaxoX4GWRp3wuQXpNLIK9bQCk="
    },
    "gamma": {
      "version": "0.1.0",
      "resolved": "https://registry.npmjs.org/gamma/-/gamma-0.1.0.tgz",
      "integrity": "sha1-MxVkNAO/J5BsqAqzfDbs6UQO8zA="
    },
    "gl-mat4": {
      "version": "1.2.0",
      "resolved": "https://registry.npmjs.org/gl-mat4/-/gl-mat4-1.2.0.tgz",
      "integrity": "sha512-sT5C0pwB1/e9G9AvAoLsoaJtbMGjfd/jfxo8jMCKqYYEnjZuFvqV5rehqar0538EmssjdDeiEWnKyBSTw7quoA=="
    },
    "invert-permutation": {
      "version": "1.0.0",
      "resolved": "https://registry.npmjs.org/invert-permutation/-/invert-permutation-1.0.0.tgz",
      "integrity": "sha1-oKeAQurbNrwXVR54fv0UOa3VSTM="
    },
    "iota-array": {
      "version": "1.0.0",
      "resolved": "https://registry.npmjs.org/iota-array/-/iota-array-1.0.0.tgz",
      "integrity": "sha1-ge9X/l0FgUzVjCSDYyqZwwoOgIc="
    },
    "is-buffer": {
      "version": "1.1.6",
      "resolved": "https://registry.npmjs.org/is-buffer/-/is-buffer-1.1.6.tgz",
      "integrity": "sha512-NcdALwpXkTm5Zvvbk7owOUSvVvBKDgKP5/ewfXEznmQFfs4ZRmanOeKBTjRVjka3QFoN6XJ+9F3USqfHqTaU5w=="
    },
    "json-fn": {
      "version": "1.1.1",
      "resolved": "https://registry.npmjs.org/json-fn/-/json-fn-1.1.1.tgz",
      "integrity": "sha1-QpPJGYpILWaX0zSm4yzQ0iESHoA="
    },
    "mouse-change": {
      "version": "1.4.0",
      "resolved": "https://registry.npmjs.org/mouse-change/-/mouse-change-1.4.0.tgz",
      "integrity": "sha1-wrd+W/o0pDzhRFyBV6Tk3JiVwU8=",
      "requires": {
        "mouse-event": "^1.0.0"
      }
    },
    "mouse-event": {
      "version": "1.0.5",
      "resolved": "https://registry.npmjs.org/mouse-event/-/mouse-event-1.0.5.tgz",
      "integrity": "sha1-s3ie23EJmX1aky0dAdqhVDpQFzI="
    },
    "mouse-wheel": {
      "version": "1.2.0",
      "resolved": "https://registry.npmjs.org/mouse-wheel/-/mouse-wheel-1.2.0.tgz",
      "integrity": "sha1-bSkDseqPtI5h8bU7kDZ3PwQs21w=",
      "requires": {
        "right-now": "^1.0.0",
        "signum": "^1.0.0",
        "to-px": "^1.0.1"
      }
    },
    "ndarray": {
      "version": "1.0.18",
      "resolved": "https://registry.npmjs.org/ndarray/-/ndarray-1.0.18.tgz",
      "integrity": "sha1-tg06cyJOxVXQ+qeXEeUCRI/T95M=",
      "requires": {
        "iota-array": "^1.0.0",
        "is-buffer": "^1.0.2"
      }
    },
    "ndarray-extract-contour": {
      "version": "1.0.1",
      "resolved": "https://registry.npmjs.org/ndarray-extract-contour/-/ndarray-extract-contour-1.0.1.tgz",
      "integrity": "sha1-Cu4ROjozsia5DEiIz4d79HUTBeQ=",
      "requires": {
        "typedarray-pool": "^1.0.0"
      }
    },
    "ndarray-sort": {
      "version": "1.0.1",
      "resolved": "https://registry.npmjs.org/ndarray-sort/-/ndarray-sort-1.0.1.tgz",
      "integrity": "sha1-/qBbTLg0x/TgIWo1TzynUTAN/Wo=",
      "requires": {
        "typedarray-pool": "^1.0.0"
      }
    },
    "next-pow-2": {
      "version": "1.0.0",
      "resolved": "https://registry.npmjs.org/next-pow-2/-/next-pow-2-1.0.0.tgz",
      "integrity": "sha1-y1wvHa4EDFbN1c2h3FxqOjOPQ2c="
    },
    "parse-unit": {
      "version": "1.0.1",
      "resolved": "https://registry.npmjs.org/parse-unit/-/parse-unit-1.0.1.tgz",
      "integrity": "sha1-fhu21b7zh0wo45JSaiVBFwKR7s8="
    },
    "permutation-parity": {
      "version": "1.0.0",
      "resolved": "https://registry.npmjs.org/permutation-parity/-/permutation-parity-1.0.0.tgz",
      "integrity": "sha1-AXTVH8pwSxG5pLFSsj1Tf9xrXvQ=",
      "requires": {
        "typedarray-pool": "^1.0.0"
      }
    },
    "permutation-rank": {
      "version": "1.0.0",
      "resolved": "https://registry.npmjs.org/permutation-rank/-/permutation-rank-1.0.0.tgz",
      "integrity": "sha1-n9mLvOzwj79ZlLXq3JSmLmeUg7U=",
      "requires": {
        "invert-permutation": "^1.0.0",
        "typedarray-pool": "^1.0.0"
      }
    },
    "persistent-memo": {
      "version": "0.0.1",
      "resolved": "https://registry.npmjs.org/persistent-memo/-/persistent-memo-0.0.1.tgz",
      "integrity": "sha512-6dzU8xOZzve4Wq1FV5yVlcz9pztuRFh5q2wTsA4DYWxnzAXaoKynB64krrR+z6OydFG9DngWBrUOd3Rzuiqqyg==",
      "requires": {
        "json-fn": "^1.1.1"
      }
    },
    "refine-mesh": {
      "version": "1.0.1",
      "resolved": "https://registry.npmjs.org/refine-mesh/-/refine-mesh-1.0.1.tgz",
      "integrity": "sha1-u8FfSPevGwLAFLFrmqxipNXT4EA=",
      "requires": {
        "ndarray": "^1.0.18",
        "ndarray-sort": "^1.0.1",
        "next-pow-2": "^1.0.0",
        "typedarray-pool": "^1.1.0"
      }
    },
    "regl": {
      "version": "1.3.9",
      "resolved": "https://registry.npmjs.org/regl/-/regl-1.3.9.tgz",
      "integrity": "sha512-CungQSUBsZNYZJWJlb2sPe4iwBjmxrgl1Yxt91HN3VuuEL7lJ5k03O3T1xEXVOCMN1q8wncddwJsxozuyzzmrA=="
    },
    "regl-camera": {
      "version": "2.1.1",
      "resolved": "https://registry.npmjs.org/regl-camera/-/regl-camera-2.1.1.tgz",
      "integrity": "sha1-aXmm0cm4DF2Ri4CfoFdmSDzM5UY=",
      "requires": {
        "gl-mat4": "^1.1.4",
        "mouse-change": "^1.3.0",
        "mouse-wheel": "^1.2.0"
      }
    },
    "right-now": {
      "version": "1.0.0",
      "resolved": "https://registry.npmjs.org/right-now/-/right-now-1.0.0.tgz",
      "integrity": "sha1-bolgne69fc2vja7Mmuo5z1haCRg="
    },
    "signum": {
      "version": "1.0.0",
      "resolved": "https://registry.npmjs.org/signum/-/signum-1.0.0.tgz",
      "integrity": "sha1-dKfSvyogtA66FqkrFSEk8dVZ+nc="
    },
    "surface-nets": {
      "version": "1.0.2",
      "resolved": "https://registry.npmjs.org/surface-nets/-/surface-nets-1.0.2.tgz",
      "integrity": "sha1-5DPIy7qUpydMb0yZVStGG/H8eks=",
      "requires": {
        "ndarray-extract-contour": "^1.0.0",
        "triangulate-hypercube": "^1.0.0",
        "zero-crossings": "^1.0.0"
      }
    },
    "to-px": {
      "version": "1.0.1",
      "resolved": "https://registry.npmjs.org/to-px/-/to-px-1.0.1.tgz",
      "integrity": "sha1-W7rtXl1PdkRbzJA8KTojB90yRkY=",
      "requires": {
        "parse-unit": "^1.0.1"
      }
    },
    "triangulate-hypercube": {
      "version": "1.0.1",
      "resolved": "https://registry.npmjs.org/triangulate-hypercube/-/triangulate-hypercube-1.0.1.tgz",
      "integrity": "sha1-2Acdsuv8/VHzCNC88qXEils20Tc=",
      "requires": {
        "gamma": "^0.1.0",
        "permutation-parity": "^1.0.0",
        "permutation-rank": "^1.0.0"
      }
    },
    "typedarray-pool": {
      "version": "1.1.0",
      "resolved": "https://registry.npmjs.org/typedarray-pool/-/typedarray-pool-1.1.0.tgz",
      "integrity": "sha1-0RT0hIAUifU+yrXoCIqiMET0mNk=",
      "requires": {
        "bit-twiddle": "^1.0.0",
        "dup": "^1.0.0"
      }
    },
    "uniq": {
      "version": "1.0.1",
      "resolved": "https://registry.npmjs.org/uniq/-/uniq-1.0.1.tgz",
      "integrity": "sha1-sxxa6CVIRKOoKBVBzisEuGWnNP8="
    },
    "zero-crossings": {
      "version": "1.0.1",
      "resolved": "https://registry.npmjs.org/zero-crossings/-/zero-crossings-1.0.1.tgz",
      "integrity": "sha1-xWK9MRNkPzRDokXRJAa4i2m5qf8=",
      "requires": {
        "cwise-compiler": "^1.0.0"
      }
    }
  }
}
